
Microsoft Visual Studio Solution File, Format Version 12.00
# Visual Studio 15
VisualStudioVersion = 15.0.27004.2008
MinimumVisualStudioVersion = 10.0.40219.1
Project("{FAE04EC0-301F-11D3-BF4B-00C04F79EFBC}") = "FreeTimeApp.Android", "FreeTimeApp\FreeTimeApp.Android\FreeTimeApp.Android.csproj", "{C1AA2CE5-5F2A-44EF-BBCC-C54B8163AA01}"
EndProject
Project("{FAE04EC0-301F-11D3-BF4B-00C04F79EFBC}") = "FreeTimeApp", "FreeTimeApp\FreeTimeApp\FreeTimeApp.csproj", "{BA9A03AD-B211-4381-BDCA-9E3491FB3E26}"
EndProject
Project("{FAE04EC0-301F-11D3-BF4B-00C04F79EFBC}") = "FreeTimeApp.UWP", "FreeTimeApp\FreeTimeApp.UWP\FreeTimeApp.UWP.csproj", "{E7D182A2-1DA9-4600-8DF9-08DD5F2C6446}"
EndProject
Project("{FAE04EC0-301F-11D3-BF4B-00C04F79EFBC}") = "FreeTimeApp.iOS", "FreeTimeApp\FreeTimeApp.iOS\FreeTimeApp.iOS.csproj", "{21E6F906-500B-45AC-AAD3-64971A46AC89}"
EndProject
Global
	GlobalSection(SolutionConfigurationPlatforms) = preSolution
		Ad-Hoc|Any CPU = Ad-Hoc|Any CPU
		Ad-Hoc|ARM = Ad-Hoc|ARM
		Ad-Hoc|iPhone = Ad-Hoc|iPhone
		Ad-Hoc|iPhoneSimulator = Ad-Hoc|iPhoneSimulator
		Ad-Hoc|x64 = Ad-Hoc|x64
		Ad-Hoc|x86 = Ad-Hoc|x86
		AppStore|Any CPU = AppStore|Any CPU
		AppStore|ARM = AppStore|ARM
		AppStore|iPhone = AppStore|iPhone
		AppStore|iPhoneSimulator = AppStore|iPhoneSimulator
		AppStore|x64 = AppStore|x64
		AppStore|x86 = AppStore|x86
		Debug|Any CPU = Debug|Any CPU
		Debug|ARM = Debug|ARM
		Debug|iPhone = Debug|iPhone
		Debug|iPhoneSimulator = Debug|iPhoneSimulator
		Debug|x64 = Debug|x64
		Debug|x86 = Debug|x86
		Release|Any CPU = Release|Any CPU
		Release|ARM = Release|ARM
		Release|iPhone = Release|iPhone
		Release|iPhoneSimulator = Release|iPhoneSimulator
		Release|x64 = Release|x64
		Release|x86 = Release|x86
	EndGlobalSection
	GlobalSection(ProjectConfigurationPlatforms) = postSolution
		{C1AA2CE5-5F2A-44EF-BBCC-C54B8163AA01}.Ad-Hoc|Any CPU.ActiveCfg = Release|Any CPU
		{C1AA2CE5-5F2A-44EF-BBCC-C54B8163AA01}.Ad-Hoc|Any CPU.Build.0 = Release|Any CPU
		{C1AA2CE5-5F2A-44EF-BBCC-C54B8163AA01}.Ad-Hoc|Any CPU.Deploy.0 = Release|Any CPU
		{C1AA2CE5-5F2A-44EF-BBCC-C54B8163AA01}.Ad-Hoc|ARM.ActiveCfg = Release|Any CPU
		{C1AA2CE5-5F2A-44EF-BBCC-C54B8163AA01}.Ad-Hoc|ARM.Build.0 = Release|Any CPU
		{C1AA2CE5-5F2A-44EF-BBCC-C54B8163AA01}.Ad-Hoc|ARM.Deploy.0 = Release|Any CPU
		{C1AA2CE5-5F2A-44EF-BBCC-C54B8163AA01}.Ad-Hoc|iPhone.ActiveCfg = Release|Any CPU
		{C1AA2CE5-5F2A-44EF-BBCC-C54B8163AA01}.Ad-Hoc|iPhone.Build.0 = Release|Any CPU
		{C1AA2CE5-5F2A-44EF-BBCC-C54B8163AA01}.Ad-Hoc|iPhone.Deploy.0 = Release|Any CPU
		{C1AA2CE5-5F2A-44EF-BBCC-C54B8163AA01}.Ad-Hoc|iPhoneSimulator.ActiveCfg = Release|Any CPU
		{C1AA2CE5-5F2A-44EF-BBCC-C54B8163AA01}.Ad-Hoc|iPhoneSimulator.Build.0 = Release|Any CPU
		{C1AA2CE5-5F2A-44EF-BBCC-C54B8163AA01}.Ad-Hoc|iPhoneSimulator.Deploy.0 = Release|Any CPU
		{C1AA2CE5-5F2A-44EF-BBCC-C54B8163AA01}.Ad-Hoc|x64.ActiveCfg = Release|Any CPU
		{C1AA2CE5-5F2A-44EF-BBCC-C54B8163AA01}.Ad-Hoc|x64.Build.0 = Release|Any CPU
		{C1AA2CE5-5F2A-44EF-BBCC-C54B8163AA01}.Ad-Hoc|x64.Deploy.0 = Release|Any CPU
		{C1AA2CE5-5F2A-44EF-BBCC-C54B8163AA01}.Ad-Hoc|x86.ActiveCfg = Release|Any CPU
		{C1AA2CE5-5F2A-44EF-BBCC-C54B8163AA01}.Ad-Hoc|x86.Build.0 = Release|Any CPU
		{C1AA2CE5-5F2A-44EF-BBCC-C54B8163AA01}.Ad-Hoc|x86.Deploy.0 = Release|Any CPU
		{C1AA2CE5-5F2A-44EF-BBCC-C54B8163AA01}.AppStore|Any CPU.ActiveCfg = Release|Any CPU
		{C1AA2CE5-5F2A-44EF-BBCC-C54B8163AA01}.AppStore|Any CPU.Build.0 = Release|Any CPU
		{C1AA2CE5-5F2A-44EF-BBCC-C54B8163AA01}.AppStore|Any CPU.Deploy.0 = Release|Any CPU
		{C1AA2CE5-5F2A-44EF-BBCC-C54B8163AA01}.AppStore|ARM.ActiveCfg = Release|Any CPU
		{C1AA2CE5-5F2A-44EF-BBCC-C54B8163AA01}.AppStore|ARM.Build.0 = Release|Any CPU
		{C1AA2CE5-5F2A-44EF-BBCC-C54B8163AA01}.AppStore|ARM.Deploy.0 = Release|Any CPU
		{C1AA2CE5-5F2A-44EF-BBCC-C54B8163AA01}.AppStore|iPhone.ActiveCfg = Release|Any CPU
		{C1AA2CE5-5F2A-44EF-BBCC-C54B8163AA01}.AppStore|iPhone.Build.0 = Release|Any CPU
		{C1AA2CE5-5F2A-44EF-BBCC-C54B8163AA01}.AppStore|iPhone.Deploy.0 = Release|Any CPU
		{C1AA2CE5-5F2A-44EF-BBCC-C54B8163AA01}.AppStore|iPhoneSimulator.ActiveCfg = Release|Any CPU
		{C1AA2CE5-5F2A-44EF-BBCC-C54B8163AA01}.AppStore|iPhoneSimulator.Build.0 = Release|Any CPU
		{C1AA2CE5-5F2A-44EF-BBCC-C54B8163AA01}.AppStore|iPhoneSimulator.Deploy.0 = Release|Any CPU
		{C1AA2CE5-5F2A-44EF-BBCC-C54B8163AA01}.AppStore|x64.ActiveCfg = Release|Any CPU
		{C1AA2CE5-5F2A-44EF-BBCC-C54B8163AA01}.AppStore|x64.Build.0 = Release|Any CPU
		{C1AA2CE5-5F2A-44EF-BBCC-C54B8163AA01}.AppStore|x64.Deploy.0 = Release|Any CPU
		{C1AA2CE5-5F2A-44EF-BBCC-C54B8163AA01}.AppStore|x86.ActiveCfg = Release|Any CPU
		{C1AA2CE5-5F2A-44EF-BBCC-C54B8163AA01}.AppStore|x86.Build.0 = Release|Any CPU
		{C1AA2CE5-5F2A-44EF-BBCC-C54B8163AA01}.AppStore|x86.Deploy.0 = Release|Any CPU
		{C1AA2CE5-5F2A-44EF-BBCC-C54B8163AA01}.Debug|Any CPU.ActiveCfg = Debug|Any CPU
		{C1AA2CE5-5F2A-44EF-BBCC-C54B8163AA01}.Debug|Any CPU.Build.0 = Debug|Any CPU
		{C1AA2CE5-5F2A-44EF-BBCC-C54B8163AA01}.Debug|Any CPU.Deploy.0 = Debug|Any CPU
		{C1AA2CE5-5F2A-44EF-BBCC-C54B8163AA01}.Debug|ARM.ActiveCfg = Debug|Any CPU
		{C1AA2CE5-5F2A-44EF-BBCC-C54B8163AA01}.Debug|ARM.Build.0 = Debug|Any CPU
		{C1AA2CE5-5F2A-44EF-BBCC-C54B8163AA01}.Debug|ARM.Deploy.0 = Debug|Any CPU
		{C1AA2CE5-5F2A-44EF-BBCC-C54B8163AA01}.Debug|iPhone.ActiveCfg = Debug|Any CPU
		{C1AA2CE5-5F2A-44EF-BBCC-C54B8163AA01}.Debug|iPhone.Build.0 = Debug|Any CPU
		{C1AA2CE5-5F2A-44EF-BBCC-C54B8163AA01}.Debug|iPhone.Deploy.0 = Debug|Any CPU
		{C1AA2CE5-5F2A-44EF-BBCC-C54B8163AA01}.Debug|iPhoneSimulator.ActiveCfg = Debug|Any CPU
		{C1AA2CE5-5F2A-44EF-BBCC-C54B8163AA01}.Debug|iPhoneSimulator.Build.0 = Debug|Any CPU
		{C1AA2CE5-5F2A-44EF-BBCC-C54B8163AA01}.Debug|iPhoneSimulator.Deploy.0 = Debug|Any CPU
		{C1AA2CE5-5F2A-44EF-BBCC-C54B8163AA01}.Debug|x64.ActiveCfg = Debug|Any CPU
		{C1AA2CE5-5F2A-44EF-BBCC-C54B8163AA01}.Debug|x64.Build.0 = Debug|Any CPU
		{C1AA2CE5-5F2A-44EF-BBCC-C54B8163AA01}.Debug|x64.Deploy.0 = Debug|Any CPU
		{C1AA2CE5-5F2A-44EF-BBCC-C54B8163AA01}.Debug|x86.ActiveCfg = Debug|Any CPU
		{C1AA2CE5-5F2A-44EF-BBCC-C54B8163AA01}.Debug|x86.Build.0 = Debug|Any CPU
		{C1AA2CE5-5F2A-44EF-BBCC-C54B8163AA01}.Debug|x86.Deploy.0 = Debug|Any CPU
		{C1AA2CE5-5F2A-44EF-BBCC-C54B8163AA01}.Release|Any CPU.ActiveCfg = Release|Any CPU
		{C1AA2CE5-5F2A-44EF-BBCC-C54B8163AA01}.Release|Any CPU.Build.0 = Release|Any CPU
		{C1AA2CE5-5F2A-44EF-BBCC-C54B8163AA01}.Release|Any CPU.Deploy.0 = Release|Any CPU
		{C1AA2CE5-5F2A-44EF-BBCC-C54B8163AA01}.Release|ARM.ActiveCfg = Release|Any CPU
		{C1AA2CE5-5F2A-44EF-BBCC-C54B8163AA01}.Release|ARM.Build.0 = Release|Any CPU
		{C1AA2CE5-5F2A-44EF-BBCC-C54B8163AA01}.Release|ARM.Deploy.0 = Release|Any CPU
		{C1AA2CE5-5F2A-44EF-BBCC-C54B8163AA01}.Release|iPhone.ActiveCfg = Release|Any CPU
		{C1AA2CE5-5F2A-44EF-BBCC-C54B8163AA01}.Release|iPhone.Build.0 = Release|Any CPU
		{C1AA2CE5-5F2A-44EF-BBCC-C54B8163AA01}.Release|iPhone.Deploy.0 = Release|Any CPU
		{C1AA2CE5-5F2A-44EF-BBCC-C54B8163AA01}.Release|iPhoneSimulator.ActiveCfg = Release|Any CPU
		{C1AA2CE5-5F2A-44EF-BBCC-C54B8163AA01}.Release|iPhoneSimulator.Build.0 = Release|Any CPU
		{C1AA2CE5-5F2A-44EF-BBCC-C54B8163AA01}.Release|iPhoneSimulator.Deploy.0 = Release|Any CPU
		{C1AA2CE5-5F2A-44EF-BBCC-C54B8163AA01}.Release|x64.ActiveCfg = Release|Any CPU
		{C1AA2CE5-5F2A-44EF-BBCC-C54B8163AA01}.Release|x64.Build.0 = Release|Any CPU
		{C1AA2CE5-5F2A-44EF-BBCC-C54B8163AA01}.Release|x64.Deploy.0 = Release|Any CPU
		{C1AA2CE5-5F2A-44EF-BBCC-C54B8163AA01}.Release|x86.ActiveCfg = Release|Any CPU
		{C1AA2CE5-5F2A-44EF-BBCC-C54B8163AA01}.Release|x86.Build.0 = Release|Any CPU
		{C1AA2CE5-5F2A-44EF-BBCC-C54B8163AA01}.Release|x86.Deploy.0 = Release|Any CPU
		{BA9A03AD-B211-4381-BDCA-9E3491FB3E26}.Ad-Hoc|Any CPU.ActiveCfg = Release|Any CPU
		{BA9A03AD-B211-4381-BDCA-9E3491FB3E26}.Ad-Hoc|Any CPU.Build.0 = Release|Any CPU
		{BA9A03AD-B211-4381-BDCA-9E3491FB3E26}.Ad-Hoc|ARM.ActiveCfg = Release|Any CPU
		{BA9A03AD-B211-4381-BDCA-9E3491FB3E26}.Ad-Hoc|ARM.Build.0 = Release|Any CPU
		{BA9A03AD-B211-4381-BDCA-9E3491FB3E26}.Ad-Hoc|iPhone.ActiveCfg = Release|Any CPU
		{BA9A03AD-B211-4381-BDCA-9E3491FB3E26}.Ad-Hoc|iPhone.Build.0 = Release|Any CPU
		{BA9A03AD-B211-4381-BDCA-9E3491FB3E26}.Ad-Hoc|iPhoneSimulator.ActiveCfg = Release|Any CPU
		{BA9A03AD-B211-4381-BDCA-9E3491FB3E26}.Ad-Hoc|iPhoneSimulator.Build.0 = Release|Any CPU
		{BA9A03AD-B211-4381-BDCA-9E3491FB3E26}.Ad-Hoc|x64.ActiveCfg = Release|Any CPU
		{BA9A03AD-B211-4381-BDCA-9E3491FB3E26}.Ad-Hoc|x64.Build.0 = Release|Any CPU
		{BA9A03AD-B211-4381-BDCA-9E3491FB3E26}.Ad-Hoc|x86.ActiveCfg = Release|Any CPU
		{BA9A03AD-B211-4381-BDCA-9E3491FB3E26}.Ad-Hoc|x86.Build.0 = Release|Any CPU
		{BA9A03AD-B211-4381-BDCA-9E3491FB3E26}.AppStore|Any CPU.ActiveCfg = Release|Any CPU
		{BA9A03AD-B211-4381-BDCA-9E3491FB3E26}.AppStore|Any CPU.Build.0 = Release|Any CPU
		{BA9A03AD-B211-4381-BDCA-9E3491FB3E26}.AppStore|ARM.ActiveCfg = Release|Any CPU
		{BA9A03AD-B211-4381-BDCA-9E3491FB3E26}.AppStore|ARM.Build.0 = Release|Any CPU
		{BA9A03AD-B211-4381-BDCA-9E3491FB3E26}.AppStore|iPhone.ActiveCfg = Release|Any CPU
		{BA9A03AD-B211-4381-BDCA-9E3491FB3E26}.AppStore|iPhone.Build.0 = Release|Any CPU
		{BA9A03AD-B211-4381-BDCA-9E3491FB3E26}.AppStore|iPhoneSimulator.ActiveCfg = Release|Any CPU
		{BA9A03AD-B211-4381-BDCA-9E3491FB3E26}.AppStore|iPhoneSimulator.Build.0 = Release|Any CPU
		{BA9A03AD-B211-4381-BDCA-9E3491FB3E26}.AppStore|x64.ActiveCfg = Release|Any CPU
		{BA9A03AD-B211-4381-BDCA-9E3491FB3E26}.AppStore|x64.Build.0 = Release|Any CPU
		{BA9A03AD-B211-4381-BDCA-9E3491FB3E26}.AppStore|x86.ActiveCfg = Release|Any CPU
		{BA9A03AD-B211-4381-BDCA-9E3491FB3E26}.AppStore|x86.Build.0 = Release|Any CPU
		{BA9A03AD-B211-4381-BDCA-9E3491FB3E26}.Debug|Any CPU.ActiveCfg = Debug|Any CPU
		{BA9A03AD-B211-4381-BDCA-9E3491FB3E26}.Debug|Any CPU.Build.0 = Debug|Any CPU
		{BA9A03AD-B211-4381-BDCA-9E3491FB3E26}.Debug|ARM.ActiveCfg = Debug|Any CPU
		{BA9A03AD-B211-4381-BDCA-9E3491FB3E26}.Debug|ARM.Build.0 = Debug|Any CPU
		{BA9A03AD-B211-4381-BDCA-9E3491FB3E26}.Debug|iPhone.ActiveCfg = Debug|Any CPU
		{BA9A03AD-B211-4381-BDCA-9E3491FB3E26}.Debug|iPhone.Build.0 = Debug|Any CPU
		{BA9A03AD-B211-4381-BDCA-9E3491FB3E26}.Debug|iPhoneSimulator.ActiveCfg = Debug|Any CPU
		{BA9A03AD-B211-4381-BDCA-9E3491FB3E26}.Debug|iPhoneSimulator.Build.0 = Debug|Any CPU
		{BA9A03AD-B211-4381-BDCA-9E3491FB3E26}.Debug|x64.ActiveCfg = Debug|Any CPU
		{BA9A03AD-B211-4381-BDCA-9E3491FB3E26}.Debug|x64.Build.0 = Debug|Any CPU
		{BA9A03AD-B211-4381-BDCA-9E3491FB3E26}.Debug|x86.ActiveCfg = Debug|Any CPU
		{BA9A03AD-B211-4381-BDCA-9E3491FB3E26}.Debug|x86.Build.0 = Debug|Any CPU
		{BA9A03AD-B211-4381-BDCA-9E3491FB3E26}.Release|Any CPU.ActiveCfg = Release|Any CPU
		{BA9A03AD-B211-4381-BDCA-9E3491FB3E26}.Release|Any CPU.Build.0 = Release|Any CPU
		{BA9A03AD-B211-4381-BDCA-9E3491FB3E26}.Release|ARM.ActiveCfg = Release|Any CPU
		{BA9A03AD-B211-4381-BDCA-9E3491FB3E26}.Release|ARM.Build.0 = Release|Any CPU
		{BA9A03AD-B211-4381-BDCA-9E3491FB3E26}.Release|iPhone.ActiveCfg = Release|Any CPU
		{BA9A03AD-B211-4381-BDCA-9E3491FB3E26}.Release|iPhone.Build.0 = Release|Any CPU
		{BA9A03AD-B211-4381-BDCA-9E3491FB3E26}.Release|iPhoneSimulator.ActiveCfg = Release|Any CPU
		{BA9A03AD-B211-4381-BDCA-9E3491FB3E26}.Release|iPhoneSimulator.Build.0 = Release|Any CPU
		{BA9A03AD-B211-4381-BDCA-9E3491FB3E26}.Release|x64.ActiveCfg = Release|Any CPU
		{BA9A03AD-B211-4381-BDCA-9E3491FB3E26}.Release|x64.Build.0 = Release|Any CPU
		{BA9A03AD-B211-4381-BDCA-9E3491FB3E26}.Release|x86.ActiveCfg = Release|Any CPU
		{BA9A03AD-B211-4381-BDCA-9E3491FB3E26}.Release|x86.Build.0 = Release|Any CPU
		{E7D182A2-1DA9-4600-8DF9-08DD5F2C6446}.Ad-Hoc|Any CPU.ActiveCfg = Release|x86
		{E7D182A2-1DA9-4600-8DF9-08DD5F2C6446}.Ad-Hoc|Any CPU.Build.0 = Release|x86
		{E7D182A2-1DA9-4600-8DF9-08DD5F2C6446}.Ad-Hoc|Any CPU.Deploy.0 = Release|x86
		{E7D182A2-1DA9-4600-8DF9-08DD5F2C6446}.Ad-Hoc|ARM.ActiveCfg = Release|ARM
		{E7D182A2-1DA9-4600-8DF9-08DD5F2C6446}.Ad-Hoc|ARM.Build.0 = Release|ARM
		{E7D182A2-1DA9-4600-8DF9-08DD5F2C6446}.Ad-Hoc|ARM.Deploy.0 = Release|ARM
		{E7D182A2-1DA9-4600-8DF9-08DD5F2C6446}.Ad-Hoc|iPhone.ActiveCfg = Release|x86
		{E7D182A2-1DA9-4600-8DF9-08DD5F2C6446}.Ad-Hoc|iPhone.Build.0 = Release|x86
		{E7D182A2-1DA9-4600-8DF9-08DD5F2C6446}.Ad-Hoc|iPhone.Deploy.0 = Release|x86
		{E7D182A2-1DA9-4600-8DF9-08DD5F2C6446}.Ad-Hoc|iPhoneSimulator.ActiveCfg = Release|x86
		{E7D182A2-1DA9-4600-8DF9-08DD5F2C6446}.Ad-Hoc|iPhoneSimulator.Build.0 = Release|x86
		{E7D182A2-1DA9-4600-8DF9-08DD5F2C6446}.Ad-Hoc|iPhoneSimulator.Deploy.0 = Release|x86
		{E7D182A2-1DA9-4600-8DF9-08DD5F2C6446}.Ad-Hoc|x64.ActiveCfg = Release|x64
		{E7D182A2-1DA9-4600-8DF9-08DD5F2C6446}.Ad-Hoc|x64.Build.0 = Release|x64
		{E7D182A2-1DA9-4600-8DF9-08DD5F2C6446}.Ad-Hoc|x64.Deploy.0 = Release|x64
		{E7D182A2-1DA9-4600-8DF9-08DD5F2C6446}.Ad-Hoc|x86.ActiveCfg = Release|x86
		{E7D182A2-1DA9-4600-8DF9-08DD5F2C6446}.Ad-Hoc|x86.Build.0 = Release|x86
		{E7D182A2-1DA9-4600-8DF9-08DD5F2C6446}.Ad-Hoc|x86.Deploy.0 = Release|x86
		{E7D182A2-1DA9-4600-8DF9-08DD5F2C6446}.AppStore|Any CPU.ActiveCfg = Release|x86
		{E7D182A2-1DA9-4600-8DF9-08DD5F2C6446}.AppStore|Any CPU.Build.0 = Release|x86
		{E7D182A2-1DA9-4600-8DF9-08DD5F2C6446}.AppStore|Any CPU.Deploy.0 = Release|x86
		{E7D182A2-1DA9-4600-8DF9-08DD5F2C6446}.AppStore|ARM.ActiveCfg = Release|ARM
		{E7D182A2-1DA9-4600-8DF9-08DD5F2C6446}.AppStore|ARM.Build.0 = Release|ARM
		{E7D182A2-1DA9-4600-8DF9-08DD5F2C6446}.AppStore|ARM.Deploy.0 = Release|ARM
		{E7D182A2-1DA9-4600-8DF9-08DD5F2C6446}.AppStore|iPhone.ActiveCfg = Release|x86
		{E7D182A2-1DA9-4600-8DF9-08DD5F2C6446}.AppStore|iPhone.Build.0 = Release|x86
		{E7D182A2-1DA9-4600-8DF9-08DD5F2C6446}.AppStore|iPhone.Deploy.0 = Release|x86
		{E7D182A2-1DA9-4600-8DF9-08DD5F2C6446}.AppStore|iPhoneSimulator.ActiveCfg = Release|x86
		{E7D182A2-1DA9-4600-8DF9-08DD5F2C6446}.AppStore|iPhoneSimulator.Build.0 = Release|x86
		{E7D182A2-1DA9-4600-8DF9-08DD5F2C6446}.AppStore|iPhoneSimulator.Deploy.0 = Release|x86
		{E7D182A2-1DA9-4600-8DF9-08DD5F2C6446}.AppStore|x64.ActiveCfg = Release|x64
		{E7D182A2-1DA9-4600-8DF9-08DD5F2C6446}.AppStore|x64.Build.0 = Release|x64
		{E7D182A2-1DA9-4600-8DF9-08DD5F2C6446}.AppStore|x64.Deploy.0 = Release|x64
		{E7D182A2-1DA9-4600-8DF9-08DD5F2C6446}.AppStore|x86.ActiveCfg = Release|x86
		{E7D182A2-1DA9-4600-8DF9-08DD5F2C6446}.AppStore|x86.Build.0 = Release|x86
		{E7D182A2-1DA9-4600-8DF9-08DD5F2C6446}.AppStore|x86.Deploy.0 = Release|x86
		{E7D182A2-1DA9-4600-8DF9-08DD5F2C6446}.Debug|Any CPU.ActiveCfg = Debug|x86
		{E7D182A2-1DA9-4600-8DF9-08DD5F2C6446}.Debug|ARM.ActiveCfg = Debug|ARM
		{E7D182A2-1DA9-4600-8DF9-08DD5F2C6446}.Debug|ARM.Build.0 = Debug|ARM
		{E7D182A2-1DA9-4600-8DF9-08DD5F2C6446}.Debug|ARM.Deploy.0 = Debug|ARM
		{E7D182A2-1DA9-4600-8DF9-08DD5F2C6446}.Debug|iPhone.ActiveCfg = Debug|x86
		{E7D182A2-1DA9-4600-8DF9-08DD5F2C6446}.Debug|iPhoneSimulator.ActiveCfg = Debug|x86
		{E7D182A2-1DA9-4600-8DF9-08DD5F2C6446}.Debug|x64.ActiveCfg = Debug|x64
		{E7D182A2-1DA9-4600-8DF9-08DD5F2C6446}.Debug|x64.Build.0 = Debug|x64
		{E7D182A2-1DA9-4600-8DF9-08DD5F2C6446}.Debug|x64.Deploy.0 = Debug|x64
		{E7D182A2-1DA9-4600-8DF9-08DD5F2C6446}.Debug|x86.ActiveCfg = Debug|x86
		{E7D182A2-1DA9-4600-8DF9-08DD5F2C6446}.Debug|x86.Build.0 = Debug|x86
		{E7D182A2-1DA9-4600-8DF9-08DD5F2C6446}.Debug|x86.Deploy.0 = Debug|x86
		{E7D182A2-1DA9-4600-8DF9-08DD5F2C6446}.Release|Any CPU.ActiveCfg = Release|x86
		{E7D182A2-1DA9-4600-8DF9-08DD5F2C6446}.Release|ARM.ActiveCfg = Release|ARM
		{E7D182A2-1DA9-4600-8DF9-08DD5F2C6446}.Release|ARM.Build.0 = Release|ARM
		{E7D182A2-1DA9-4600-8DF9-08DD5F2C6446}.Release|ARM.Deploy.0 = Release|ARM
		{E7D182A2-1DA9-4600-8DF9-08DD5F2C6446}.Release|iPhone.ActiveCfg = Release|x86
		{E7D182A2-1DA9-4600-8DF9-08DD5F2C6446}.Release|iPhoneSimulator.ActiveCfg = Release|x86
		{E7D182A2-1DA9-4600-8DF9-08DD5F2C6446}.Release|x64.ActiveCfg = Release|x64
		{E7D182A2-1DA9-4600-8DF9-08DD5F2C6446}.Release|x64.Build.0 = Release|x64
		{E7D182A2-1DA9-4600-8DF9-08DD5F2C6446}.Release|x64.Deploy.0 = Release|x64
		{E7D182A2-1DA9-4600-8DF9-08DD5F2C6446}.Release|x86.ActiveCfg = Release|x86
		{E7D182A2-1DA9-4600-8DF9-08DD5F2C6446}.Release|x86.Build.0 = Release|x86
		{E7D182A2-1DA9-4600-8DF9-08DD5F2C6446}.Release|x86.Deploy.0 = Release|x86
		{21E6F906-500B-45AC-AAD3-64971A46AC89}.Ad-Hoc|Any CPU.ActiveCfg = Ad-Hoc|iPhoneSimulator
		{21E6F906-500B-45AC-AAD3-64971A46AC89}.Ad-Hoc|ARM.ActiveCfg = Ad-Hoc|iPhone
		{21E6F906-500B-45AC-AAD3-64971A46AC89}.Ad-Hoc|iPhone.ActiveCfg = Ad-Hoc|iPhone
		{21E6F906-500B-45AC-AAD3-64971A46AC89}.Ad-Hoc|iPhone.Build.0 = Ad-Hoc|iPhone
		{21E6F906-500B-45AC-AAD3-64971A46AC89}.Ad-Hoc|iPhoneSimulator.ActiveCfg = Ad-Hoc|iPhoneSimulator
		{21E6F906-500B-45AC-AAD3-64971A46AC89}.Ad-Hoc|iPhoneSimulator.Build.0 = Ad-Hoc|iPhoneSimulator
		{21E6F906-500B-45AC-AAD3-64971A46AC89}.Ad-Hoc|x64.ActiveCfg = Ad-Hoc|iPhone
		{21E6F906-500B-45AC-AAD3-64971A46AC89}.Ad-Hoc|x86.ActiveCfg = Ad-Hoc|iPhone
		{21E6F906-500B-45AC-AAD3-64971A46AC89}.AppStore|Any CPU.ActiveCfg = AppStore|iPhoneSimulator
		{21E6F906-500B-45AC-AAD3-64971A46AC89}.AppStore|ARM.ActiveCfg = AppStore|iPhone
		{21E6F906-500B-45AC-AAD3-64971A46AC89}.AppStore|iPhone.ActiveCfg = AppStore|iPhone
		{21E6F906-500B-45AC-AAD3-64971A46AC89}.AppStore|iPhone.Build.0 = AppStore|iPhone
		{21E6F906-500B-45AC-AAD3-64971A46AC89}.AppStore|iPhoneSimulator.ActiveCfg = AppStore|iPhoneSimulator
		{21E6F906-500B-45AC-AAD3-64971A46AC89}.AppStore|iPhoneSimulator.Build.0 = AppStore|iPhoneSimulator
		{21E6F906-500B-45AC-AAD3-64971A46AC89}.AppStore|x64.ActiveCfg = AppStore|iPhone
		{21E6F906-500B-45AC-AAD3-64971A46AC89}.AppStore|x86.ActiveCfg = AppStore|iPhone
		{21E6F906-500B-45AC-AAD3-64971A46AC89}.Debug|Any CPU.ActiveCfg = Debug|iPhoneSimulator
		{21E6F906-500B-45AC-AAD3-64971A46AC89}.Debug|ARM.ActiveCfg = Debug|iPhone
		{21E6F906-500B-45AC-AAD3-64971A46AC89}.Debug|iPhone.ActiveCfg = Debug|iPhone
		{21E6F906-500B-45AC-AAD3-64971A46AC89}.Debug|iPhone.Build.0 = Debug|iPhone
		{21E6F906-500B-45AC-AAD3-64971A46AC89}.Debug|iPhoneSimulator.ActiveCfg = Debug|iPhoneSimulator
		{21E6F906-500B-45AC-AAD3-64971A46AC89}.Debug|iPhoneSimulator.Build.0 = Debug|iPhoneSimulator
		{21E6F906-500B-45AC-AAD3-64971A46AC89}.Debug|x64.ActiveCfg = Debug|iPhone
		{21E6F906-500B-45AC-AAD3-64971A46AC89}.Debug|x86.ActiveCfg = Debug|iPhone
		{21E6F906-500B-45AC-AAD3-64971A46AC89}.Release|Any CPU.ActiveCfg = Release|iPhoneSimulator
		{21E6F906-500B-45AC-AAD3-64971A46AC89}.Release|ARM.ActiveCfg = Release|iPhone
		{21E6F906-500B-45AC-AAD3-64971A46AC89}.Release|iPhone.ActiveCfg = Release|iPhone
		{21E6F906-500B-45AC-AAD3-64971A46AC89}.Release|iPhone.Build.0 = Release|iPhone
		{21E6F906-500B-45AC-AAD3-64971A46AC89}.Release|iPhoneSimulator.ActiveCfg = Release|iPhoneSimulator
		{21E6F906-500B-45AC-AAD3-64971A46AC89}.Release|iPhoneSimulator.Build.0 = Release|iPhoneSimulator
		{21E6F906-500B-45AC-AAD3-64971A46AC89}.Release|x64.ActiveCfg = Release|iPhone
		{21E6F906-500B-45AC-AAD3-64971A46AC89}.Release|x86.ActiveCfg = Release|iPhone
	EndGlobalSection
	GlobalSection(SolutionProperties) = preSolution
		HideSolutionNode = FALSE
	EndGlobalSection
	GlobalSection(ExtensibilityGlobals) = postSolution
		SolutionGuid = {DD3697EE-A6A0-4307-8786-F9AF6B65790B}
	EndGlobalSection
EndGlobal
